{
  "nodes": {
    "algebra-simple-src": {
      "inputs": {
        "flake-utils": "flake-utils",
        "nixpkgs": "nixpkgs"
      },
      "locked": {
        "lastModified": 1652008639,
        "narHash": "sha256-qqI0nLXbisA6dkFqQRGM0gStuTc/hkxvpJkqbC9XEfs=",
        "owner": "tbidne",
        "repo": "algebra-simple",
        "rev": "2a020dbe0290abe57af31c5011a3a18ff17dcec9",
        "type": "github"
      },
      "original": {
        "owner": "tbidne",
        "repo": "algebra-simple",
        "type": "github"
      }
    },
    "algebra-simple-src_2": {
      "inputs": {
        "flake-utils": "flake-utils_2",
        "nixpkgs": "nixpkgs_2"
      },
      "locked": {
        "lastModified": 1652008639,
        "narHash": "sha256-qqI0nLXbisA6dkFqQRGM0gStuTc/hkxvpJkqbC9XEfs=",
        "owner": "tbidne",
        "repo": "algebra-simple",
        "rev": "2a020dbe0290abe57af31c5011a3a18ff17dcec9",
        "type": "github"
      },
      "original": {
        "owner": "tbidne",
        "repo": "algebra-simple",
        "type": "github"
      }
    },
    "algebra-simple-src_3": {
      "inputs": {
        "flake-utils": "flake-utils_5",
        "nixpkgs": "nixpkgs_5"
      },
      "locked": {
        "lastModified": 1652008639,
        "narHash": "sha256-qqI0nLXbisA6dkFqQRGM0gStuTc/hkxvpJkqbC9XEfs=",
        "owner": "tbidne",
        "repo": "algebra-simple",
        "rev": "2a020dbe0290abe57af31c5011a3a18ff17dcec9",
        "type": "github"
      },
      "original": {
        "owner": "tbidne",
        "repo": "algebra-simple",
        "type": "github"
      }
    },
    "byte-types-src": {
      "inputs": {
        "algebra-simple-src": "algebra-simple-src_2",
        "flake-utils": "flake-utils_3",
        "nixpkgs": "nixpkgs_3"
      },
      "locked": {
        "lastModified": 1652065572,
        "narHash": "sha256-xoE0mYRDMqCnJ0ZJtiSjXEWzbsY01Ios4qFXczvU4r4=",
        "owner": "tbidne",
        "repo": "byte-types",
        "rev": "e1f2f889ede098b8c7682db1504a831f81c98c3d",
        "type": "github"
      },
      "original": {
        "owner": "tbidne",
        "repo": "byte-types",
        "type": "github"
      }
    },
    "flake-utils": {
      "locked": {
        "lastModified": 1644229661,
        "narHash": "sha256-1YdnJAsNy69bpcjuoKdOYQX0YxZBiCYZo4Twxerqv7k=",
        "owner": "numtide",
        "repo": "flake-utils",
        "rev": "3cecb5b042f7f209c56ffd8371b2711a290ec797",
        "type": "github"
      },
      "original": {
        "owner": "numtide",
        "repo": "flake-utils",
        "type": "github"
      }
    },
    "flake-utils_2": {
      "locked": {
        "lastModified": 1644229661,
        "narHash": "sha256-1YdnJAsNy69bpcjuoKdOYQX0YxZBiCYZo4Twxerqv7k=",
        "owner": "numtide",
        "repo": "flake-utils",
        "rev": "3cecb5b042f7f209c56ffd8371b2711a290ec797",
        "type": "github"
      },
      "original": {
        "owner": "numtide",
        "repo": "flake-utils",
        "type": "github"
      }
    },
    "flake-utils_3": {
      "locked": {
        "lastModified": 1648297722,
        "narHash": "sha256-W+qlPsiZd8F3XkzXOzAoR+mpFqzm3ekQkJNa+PIh1BQ=",
        "owner": "numtide",
        "repo": "flake-utils",
        "rev": "0f8662f1319ad6abf89b3380dd2722369fc51ade",
        "type": "github"
      },
      "original": {
        "owner": "numtide",
        "repo": "flake-utils",
        "type": "github"
      }
    },
    "flake-utils_4": {
      "locked": {
        "lastModified": 1644229661,
        "narHash": "sha256-1YdnJAsNy69bpcjuoKdOYQX0YxZBiCYZo4Twxerqv7k=",
        "owner": "numtide",
        "repo": "flake-utils",
        "rev": "3cecb5b042f7f209c56ffd8371b2711a290ec797",
        "type": "github"
      },
      "original": {
        "owner": "numtide",
        "repo": "flake-utils",
        "type": "github"
      }
    },
    "flake-utils_5": {
      "locked": {
        "lastModified": 1644229661,
        "narHash": "sha256-1YdnJAsNy69bpcjuoKdOYQX0YxZBiCYZo4Twxerqv7k=",
        "owner": "numtide",
        "repo": "flake-utils",
        "rev": "3cecb5b042f7f209c56ffd8371b2711a290ec797",
        "type": "github"
      },
      "original": {
        "owner": "numtide",
        "repo": "flake-utils",
        "type": "github"
      }
    },
    "flake-utils_6": {
      "locked": {
        "lastModified": 1644229661,
        "narHash": "sha256-1YdnJAsNy69bpcjuoKdOYQX0YxZBiCYZo4Twxerqv7k=",
        "owner": "numtide",
        "repo": "flake-utils",
        "rev": "3cecb5b042f7f209c56ffd8371b2711a290ec797",
        "type": "github"
      },
      "original": {
        "owner": "numtide",
        "repo": "flake-utils",
        "type": "github"
      }
    },
    "nixpkgs": {
      "locked": {
        "lastModified": 1651827164,
        "narHash": "sha256-w1niZCq4rhXX+23xLvrA5KR9OqT/72e5Mx/pfz/bZYU=",
        "owner": "nixos",
        "repo": "nixpkgs",
        "rev": "98000933d72a97632caf0db0027ea3eb2e5e7f29",
        "type": "github"
      },
      "original": {
        "owner": "nixos",
        "repo": "nixpkgs",
        "rev": "98000933d72a97632caf0db0027ea3eb2e5e7f29",
        "type": "github"
      }
    },
    "nixpkgs_2": {
      "locked": {
        "lastModified": 1651827164,
        "narHash": "sha256-w1niZCq4rhXX+23xLvrA5KR9OqT/72e5Mx/pfz/bZYU=",
        "owner": "nixos",
        "repo": "nixpkgs",
        "rev": "98000933d72a97632caf0db0027ea3eb2e5e7f29",
        "type": "github"
      },
      "original": {
        "owner": "nixos",
        "repo": "nixpkgs",
        "rev": "98000933d72a97632caf0db0027ea3eb2e5e7f29",
        "type": "github"
      }
    },
    "nixpkgs_3": {
      "locked": {
        "lastModified": 1651827164,
        "narHash": "sha256-w1niZCq4rhXX+23xLvrA5KR9OqT/72e5Mx/pfz/bZYU=",
        "owner": "nixos",
        "repo": "nixpkgs",
        "rev": "98000933d72a97632caf0db0027ea3eb2e5e7f29",
        "type": "github"
      },
      "original": {
        "owner": "nixos",
        "repo": "nixpkgs",
        "rev": "98000933d72a97632caf0db0027ea3eb2e5e7f29",
        "type": "github"
      }
    },
    "nixpkgs_4": {
      "locked": {
        "lastModified": 1651827164,
        "narHash": "sha256-w1niZCq4rhXX+23xLvrA5KR9OqT/72e5Mx/pfz/bZYU=",
        "owner": "nixos",
        "repo": "nixpkgs",
        "rev": "98000933d72a97632caf0db0027ea3eb2e5e7f29",
        "type": "github"
      },
      "original": {
        "owner": "nixos",
        "repo": "nixpkgs",
        "rev": "98000933d72a97632caf0db0027ea3eb2e5e7f29",
        "type": "github"
      }
    },
    "nixpkgs_5": {
      "locked": {
        "lastModified": 1651827164,
        "narHash": "sha256-w1niZCq4rhXX+23xLvrA5KR9OqT/72e5Mx/pfz/bZYU=",
        "owner": "nixos",
        "repo": "nixpkgs",
        "rev": "98000933d72a97632caf0db0027ea3eb2e5e7f29",
        "type": "github"
      },
      "original": {
        "owner": "nixos",
        "repo": "nixpkgs",
        "rev": "98000933d72a97632caf0db0027ea3eb2e5e7f29",
        "type": "github"
      }
    },
    "nixpkgs_6": {
      "locked": {
        "lastModified": 1651827164,
        "narHash": "sha256-w1niZCq4rhXX+23xLvrA5KR9OqT/72e5Mx/pfz/bZYU=",
        "owner": "nixos",
        "repo": "nixpkgs",
        "rev": "98000933d72a97632caf0db0027ea3eb2e5e7f29",
        "type": "github"
      },
      "original": {
        "owner": "nixos",
        "repo": "nixpkgs",
        "rev": "98000933d72a97632caf0db0027ea3eb2e5e7f29",
        "type": "github"
      }
    },
    "root": {
      "inputs": {
        "algebra-simple-src": "algebra-simple-src",
        "byte-types-src": "byte-types-src",
        "flake-utils": "flake-utils_4",
        "nixpkgs": "nixpkgs_4",
        "smart-math-src": "smart-math-src"
      }
    },
    "smart-math-src": {
      "inputs": {
        "algebra-simple-src": "algebra-simple-src_3",
        "flake-utils": "flake-utils_6",
        "nixpkgs": "nixpkgs_6"
      },
      "locked": {
        "lastModified": 1652095431,
        "narHash": "sha256-k8jdwZiA05pKMqCqhuPjdXClJcyqU+IL9P/uQYD/Z1c=",
        "owner": "tbidne",
        "repo": "smart-math",
        "rev": "f33aabe5eb9f6f5ae4d51607d7159086bcb9899d",
        "type": "github"
      },
      "original": {
        "owner": "tbidne",
        "repo": "smart-math",
        "type": "github"
      }
    }
  },
  "root": "root",
  "version": 7
}
