# This file was autogenerated by Stack.
# You should not edit this file by hand.
# For more information, please see the documentation at:
#   https://docs.haskellstack.org/en/stable/lock_files

packages:
- completed:
    pantry-tree:
      sha256: 8e33ac2f8d2db754cf11d1439fa970dbf14c6756746426ba89f54a7183a9d2d7
      size: 981
    hackage: package-version-0.1.0.0@sha256:bb9fc93e905540aa8e1b32f80c2dc82756a4481c63779bd92e3796ed8085ab98,2854
  original:
    hackage: package-version-0.1.0.0@sha256:bb9fc93e905540aa8e1b32f80c2dc82756a4481c63779bd92e3796ed8085ab98,2854
- completed:
    name: algebra-simple
    pantry-tree:
      sha256: 7f0f0d9cb0901ea1cceb599ee0862f11a246228e8557d0ca318f650aa7dd8741
      size: 3764
    commit: 1b2bd9fd21ecf5ed6635cc5c14d06ab533950df3
    git: https://github.com/tbidne/algebra-simple.git
    version: '0.1'
  original:
    commit: 1b2bd9fd21ecf5ed6635cc5c14d06ab533950df3
    git: https://github.com/tbidne/algebra-simple.git
- completed:
    name: smart-math
    pantry-tree:
      sha256: c203da2d37f671ca71342df601789463073527576643c5f6092d91da861ea664
      size: 3275
    commit: 35e508b0e4272e32ba2841dccbcbb8294d4d546c
    git: https://github.com/tbidne/smart-math.git
    version: '0.1'
  original:
    commit: 35e508b0e4272e32ba2841dccbcbb8294d4d546c
    git: https://github.com/tbidne/smart-math.git
snapshots:
- completed:
    sha256: d4ee004c46ba878d2f304f5d748d493057be579192a8d148527f3ba55c9df57f
    size: 618683
    url: https://raw.githubusercontent.com/commercialhaskell/stackage-snapshots/master/lts/19/4.yaml
  original: lts-19.4
