# This file was autogenerated by Stack.
# You should not edit this file by hand.
# For more information, please see the documentation at:
#   https://docs.haskellstack.org/en/stable/lock_files

packages:
- completed:
    pantry-tree:
      sha256: 8e33ac2f8d2db754cf11d1439fa970dbf14c6756746426ba89f54a7183a9d2d7
      size: 981
    hackage: package-version-0.1.0.0@sha256:bb9fc93e905540aa8e1b32f80c2dc82756a4481c63779bd92e3796ed8085ab98,2854
  original:
    hackage: package-version-0.1.0.0@sha256:bb9fc93e905540aa8e1b32f80c2dc82756a4481c63779bd92e3796ed8085ab98,2854
- completed:
    name: algebra-simple
    pantry-tree:
      sha256: 9946b6fc1b6d0f3b9f36c7e1348183ba047500f27af21f8ed3d687e8dcac58a4
      size: 4282
    commit: be105b31e3bd2bc00c69cd5c1e869294b26fbb17
    git: https://github.com/tbidne/algebra-simple.git
    version: '0.1'
  original:
    commit: be105b31e3bd2bc00c69cd5c1e869294b26fbb17
    git: https://github.com/tbidne/algebra-simple.git
- completed:
    name: byte-types
    pantry-tree:
      sha256: c8e141bce89f888101c43669ea849706ceed0cde4c4a0818494077cc193e8d2b
      size: 3229
    commit: 60e7ad675f017cbd8467bef649cfcea48f626ab5
    git: https://github.com/tbidne/byte-types.git
    version: '0.1'
  original:
    commit: 60e7ad675f017cbd8467bef649cfcea48f626ab5
    git: https://github.com/tbidne/byte-types.git
- completed:
    name: smart-math
    pantry-tree:
      sha256: 056a6c94c6266680df3b027ad3e0b1f9ac94026919210decdc135d0c16cae09a
      size: 3357
    commit: 652cf1c7b61c1c8b67ce1ce1b4ecea77173b947a
    git: https://github.com/tbidne/smart-math.git
    version: '0.1'
  original:
    commit: 652cf1c7b61c1c8b67ce1ce1b4ecea77173b947a
    git: https://github.com/tbidne/smart-math.git
snapshots:
- completed:
    sha256: d4ee004c46ba878d2f304f5d748d493057be579192a8d148527f3ba55c9df57f
    size: 618683
    url: https://raw.githubusercontent.com/commercialhaskell/stackage-snapshots/master/lts/19/4.yaml
  original: lts-19.4
