# This file was autogenerated by Stack.
# You should not edit this file by hand.
# For more information, please see the documentation at:
#   https://docs.haskellstack.org/en/stable/lock_files

packages:
- completed:
    pantry-tree:
      sha256: c8135d95be0df0ce63d0ee398af20e38f505153032b32c4ab0e8f0f615501d46
      size: 419
    hackage: env-guard-0.2@sha256:59410eed9b9ddbd115760a59c7170927320d8612e414701d323a0c8985c97523,1251
  original:
    hackage: env-guard-0.2@sha256:59410eed9b9ddbd115760a59c7170927320d8612e414701d323a0c8985c97523,1251
- completed:
    pantry-tree:
      sha256: 8e33ac2f8d2db754cf11d1439fa970dbf14c6756746426ba89f54a7183a9d2d7
      size: 981
    hackage: package-version-0.1.0.0@sha256:bb9fc93e905540aa8e1b32f80c2dc82756a4481c63779bd92e3796ed8085ab98,2854
  original:
    hackage: package-version-0.1.0.0@sha256:bb9fc93e905540aa8e1b32f80c2dc82756a4481c63779bd92e3796ed8085ab98,2854
- completed:
    name: algebra-simple
    pantry-tree:
      sha256: 89428919fcac72e858065d24f38033929a99f4812dedb907749a89b1ca0911c7
      size: 4921
    commit: 12bf44cb4815cf6ee040636f86e10d04386a6e4c
    git: https://github.com/tbidne/algebra-simple.git
    version: '0.1'
  original:
    commit: 12bf44cb4815cf6ee040636f86e10d04386a6e4c
    git: https://github.com/tbidne/algebra-simple.git
- completed:
    name: byte-types
    pantry-tree:
      sha256: fcf2200c5ef3bcfba4affb5fe6939920b5d4696d42242f1620f0dd835f02f184
      size: 4089
    commit: 56e8d7bc81546a518475dcc460e91ff9d5d8f0cb
    git: https://github.com/tbidne/byte-types.git
    version: '0.1'
  original:
    commit: 56e8d7bc81546a518475dcc460e91ff9d5d8f0cb
    git: https://github.com/tbidne/byte-types.git
- completed:
    name: smart-math
    pantry-tree:
      sha256: 78d153855323e3a1698746ce82c63ab8cd2d67ae0a3272fac2a1aee863174f78
      size: 4065
    commit: cb659fdbb635e8dbfdf48ee18befb3186af29fc2
    git: https://github.com/tbidne/smart-math.git
    version: '0.1'
  original:
    commit: cb659fdbb635e8dbfdf48ee18befb3186af29fc2
    git: https://github.com/tbidne/smart-math.git
- completed:
    name: time-conv
    pantry-tree:
      sha256: e10939e7e7c9abe9458c03ae77e550709c844fd10de0d1e82405b3faf72d7d02
      size: 2437
    commit: 3c46e02d1e5d40ea3b5a53bee56f70cb52df87d4
    git: https://github.com/tbidne/time-conv.git
    version: '0.1'
  original:
    commit: 3c46e02d1e5d40ea3b5a53bee56f70cb52df87d4
    git: https://github.com/tbidne/time-conv.git
snapshots:
- completed:
    sha256: f749167ba2a9ff2fcd0434bbd76a17a277572e90798617bc024d40a5324ce2af
    size: 616346
    url: https://raw.githubusercontent.com/commercialhaskell/stackage-snapshots/master/nightly/2022/7/7.yaml
  original: nightly-2022-07-07
