# This file was autogenerated by Stack.
# You should not edit this file by hand.
# For more information, please see the documentation at:
#   https://docs.haskellstack.org/en/stable/lock_files

packages:
- completed:
    pantry-tree:
      sha256: 8e33ac2f8d2db754cf11d1439fa970dbf14c6756746426ba89f54a7183a9d2d7
      size: 981
    hackage: package-version-0.1.0.0@sha256:bb9fc93e905540aa8e1b32f80c2dc82756a4481c63779bd92e3796ed8085ab98,2854
  original:
    hackage: package-version-0.1.0.0@sha256:bb9fc93e905540aa8e1b32f80c2dc82756a4481c63779bd92e3796ed8085ab98,2854
- completed:
    name: algebra-simple
    pantry-tree:
      sha256: aa62733813e542ddc9d057bb5d48d509de927fe46837d4a5722ae6669b624894
      size: 3917
    commit: 2659ded1579b90fee73a56ff81beb42a90cdba5b
    git: https://github.com/tbidne/algebra-simple.git
    version: '0.1'
  original:
    commit: 2659ded1579b90fee73a56ff81beb42a90cdba5b
    git: https://github.com/tbidne/algebra-simple.git
- completed:
    name: byte-types
    pantry-tree:
      sha256: 53a13bb92404aa143d850df3fb7859fb04beaea259ba0b70d7d4d5f8f84a3337
      size: 3229
    commit: d3fe41a025f554e1fdd2fbd07b83567608fccec5
    git: https://github.com/tbidne/byte-types.git
    version: '0.1'
  original:
    commit: d3fe41a025f554e1fdd2fbd07b83567608fccec5
    git: https://github.com/tbidne/byte-types.git
- completed:
    name: smart-math
    pantry-tree:
      sha256: 9b2eb36f695e93716a91f6bb4059c7dfe70d6e77cfa708f0e836d50b2008c5a4
      size: 3276
    commit: 449a4560ce204e8bd3c8747f3af7ad2b514036fc
    git: https://github.com/tbidne/smart-math.git
    version: '0.1'
  original:
    commit: 449a4560ce204e8bd3c8747f3af7ad2b514036fc
    git: https://github.com/tbidne/smart-math.git
snapshots:
- completed:
    sha256: d4ee004c46ba878d2f304f5d748d493057be579192a8d148527f3ba55c9df57f
    size: 618683
    url: https://raw.githubusercontent.com/commercialhaskell/stackage-snapshots/master/lts/19/4.yaml
  original: lts-19.4
